// !$*UTF8*$!
{
	archiveVersion = 1;
	classes = {
	};
	objectVersion = 46;
	objects = {

/* Begin PBXBuildFile section */
		092C23711D46683100BCDC05 /* 1.png in Resources */ = {isa = PBXBuildFile; fileRef = 092C236E1D46683100BCDC05 /* 1.png */; };
		092C23721D46683100BCDC05 /* 2.png in Resources */ = {isa = PBXBuildFile; fileRef = 092C236F1D46683100BCDC05 /* 2.png */; };
		092C23731D46683100BCDC05 /* 3.png in Resources */ = {isa = PBXBuildFile; fileRef = 092C23701D46683100BCDC05 /* 3.png */; };
		09AEF6A01D45AE3B00BFD6A3 /* main.m in Sources */ = {isa = PBXBuildFile; fileRef = 09AEF69F1D45AE3B00BFD6A3 /* main.m */; };
		09AEF6A31D45AE3B00BFD6A3 /* AppDelegate.m in Sources */ = {isa = PBXBuildFile; fileRef = 09AEF6A21D45AE3B00BFD6A3 /* AppDelegate.m */; };
		09AEF6A91D45AE3B00BFD6A3 /* Main.storyboard in Resources */ = {isa = PBXBuildFile; fileRef = 09AEF6A71D45AE3B00BFD6A3 /* Main.storyboard */; };
		09AEF6AB1D45AE3B00BFD6A3 /* Assets.xcassets in Resources */ = {isa = PBXBuildFile; fileRef = 09AEF6AA1D45AE3B00BFD6A3 /* Assets.xcassets */; };
		09AEF6AE1D45AE3B00BFD6A3 /* LaunchScreen.storyboard in Resources */ = {isa = PBXBuildFile; fileRef = 09AEF6AC1D45AE3B00BFD6A3 /* LaunchScreen.storyboard */; };
		09AEF6B91D45AE3B00BFD6A3 /* CustomCollectionViewTests.m in Sources */ = {isa = PBXBuildFile; fileRef = 09AEF6B81D45AE3B00BFD6A3 /* CustomCollectionViewTests.m */; };
		09AEF6C41D45AE3B00BFD6A3 /* CustomCollectionViewUITests.m in Sources */ = {isa = PBXBuildFile; fileRef = 09AEF6C31D45AE3B00BFD6A3 /* CustomCollectionViewUITests.m */; };
		09AEF6D31D45AF2500BFD6A3 /* CustomCollectionViewController.m in Sources */ = {isa = PBXBuildFile; fileRef = 09AEF6D21D45AF2500BFD6A3 /* CustomCollectionViewController.m */; };
		09AEF6DA1D45AF6200BFD6A3 /* CustomCell.m in Sources */ = {isa = PBXBuildFile; fileRef = 09AEF6D51D45AF6200BFD6A3 /* CustomCell.m */; };
		09AEF6DB1D45AF6200BFD6A3 /* CustomCollectionViewLayout.m in Sources */ = {isa = PBXBuildFile; fileRef = 09AEF6D71D45AF6200BFD6A3 /* CustomCollectionViewLayout.m */; };
		09AEF6DC1D45AF6200BFD6A3 /* Header.m in Sources */ = {isa = PBXBuildFile; fileRef = 09AEF6D91D45AF6200BFD6A3 /* Header.m */; };
		09AEF6DF1D45AF9700BFD6A3 /* Footer.m in Sources */ = {isa = PBXBuildFile; fileRef = 09AEF6DE1D45AF9700BFD6A3 /* Footer.m */; };
/* End PBXBuildFile section */

/* Begin PBXContainerItemProxy section */
		09AEF6B51D45AE3B00BFD6A3 /* PBXContainerItemProxy */ = {
			isa = PBXContainerItemProxy;
			containerPortal = 09AEF6931D45AE3B00BFD6A3 /* Project object */;
			proxyType = 1;
			remoteGlobalIDString = 09AEF69A1D45AE3B00BFD6A3;
			remoteInfo = CustomCollectionView;
		};
		09AEF6C01D45AE3B00BFD6A3 /* PBXContainerItemProxy */ = {
			isa = PBXContainerItemProxy;
			containerPortal = 09AEF6931D45AE3B00BFD6A3 /* Project object */;
			proxyType = 1;
			remoteGlobalIDString = 09AEF69A1D45AE3B00BFD6A3;
			remoteInfo = CustomCollectionView;
		};
/* End PBXContainerItemProxy section */

/* Begin PBXFileReference section */
		092C236E1D46683100BCDC05 /* 1.png */ = {isa = PBXFileReference; lastKnownFileType = image.png; path = 1.png; sourceTree = "<group>"; };
		092C236F1D46683100BCDC05 /* 2.png */ = {isa = PBXFileReference; lastKnownFileType = image.png; path = 2.png; sourceTree = "<group>"; };
		092C23701D46683100BCDC05 /* 3.png */ = {isa = PBXFileReference; lastKnownFileType = image.png; path = 3.png; sourceTree = "<group>"; };
		09AEF69B1D45AE3B00BFD6A3 /* CustomCollectionView.app */ = {isa = PBXFileReference; explicitFileType = wrapper.application; includeInIndex = 0; path = CustomCollectionView.app; sourceTree = BUILT_PRODUCTS_DIR; };
		09AEF69F1D45AE3B00BFD6A3 /* main.m */ = {isa = PBXFileReference; lastKnownFileType = sourcecode.c.objc; path = main.m; sourceTree = "<group>"; };
		09AEF6A11D45AE3B00BFD6A3 /* AppDelegate.h */ = {isa = PBXFileReference; lastKnownFileType = sourcecode.c.h; path = AppDelegate.h; sourceTree = "<group>"; };
		09AEF6A21D45AE3B00BFD6A3 /* AppDelegate.m */ = {isa = PBXFileReference; lastKnownFileType = sourcecode.c.objc; path = AppDelegate.m; sourceTree = "<group>"; };
		09AEF6A81D45AE3B00BFD6A3 /* Base */ = {isa = PBXFileReference; lastKnownFileType = file.storyboard; name = Base; path = Base.lproj/Main.storyboard; sourceTree = "<group>"; };
		09AEF6AA1D45AE3B00BFD6A3 /* Assets.xcassets */ = {isa = PBXFileReference; lastKnownFileType = folder.assetcatalog; path = Assets.xcassets; sourceTree = "<group>"; };
		09AEF6AD1D45AE3B00BFD6A3 /* Base */ = {isa = PBXFileReference; lastKnownFileType = file.storyboard; name = Base; path = Base.lproj/LaunchScreen.storyboard; sourceTree = "<group>"; };
		09AEF6AF1D45AE3B00BFD6A3 /* Info.plist */ = {isa = PBXFileReference; lastKnownFileType = text.plist.xml; path = Info.plist; sourceTree = "<group>"; };
		09AEF6B41D45AE3B00BFD6A3 /* CustomCollectionViewTests.xctest */ = {isa = PBXFileReference; explicitFileType = wrapper.cfbundle; includeInIndex = 0; path = CustomCollectionViewTests.xctest; sourceTree = BUILT_PRODUCTS_DIR; };
		09AEF6B81D45AE3B00BFD6A3 /* CustomCollectionViewTests.m */ = {isa = PBXFileReference; lastKnownFileType = sourcecode.c.objc; path = CustomCollectionViewTests.m; sourceTree = "<group>"; };
		09AEF6BA1D45AE3B00BFD6A3 /* Info.plist */ = {isa = PBXFileReference; lastKnownFileType = text.plist.xml; path = Info.plist; sourceTree = "<group>"; };
		09AEF6BF1D45AE3B00BFD6A3 /* CustomCollectionViewUITests.xctest */ = {isa = PBXFileReference; explicitFileType = wrapper.cfbundle; includeInIndex = 0; path = CustomCollectionViewUITests.xctest; sourceTree = BUILT_PRODUCTS_DIR; };
		09AEF6C31D45AE3B00BFD6A3 /* CustomCollectionViewUITests.m */ = {isa = PBXFileReference; lastKnownFileType = sourcecode.c.objc; path = CustomCollectionViewUITests.m; sourceTree = "<group>"; };
		09AEF6C51D45AE3B00BFD6A3 /* Info.plist */ = {isa = PBXFileReference; lastKnownFileType = text.plist.xml; path = Info.plist; sourceTree = "<group>"; };
		09AEF6D11D45AF2500BFD6A3 /* CustomCollectionViewController.h */ = {isa = PBXFileReference; fileEncoding = 4; lastKnownFileType = sourcecode.c.h; path = CustomCollectionViewController.h; sourceTree = "<group>"; };
		09AEF6D21D45AF2500BFD6A3 /* CustomCollectionViewController.m */ = {isa = PBXFileReference; fileEncoding = 4; lastKnownFileType = sourcecode.c.objc; path = CustomCollectionViewController.m; sourceTree = "<group>"; };
		09AEF6D41D45AF6200BFD6A3 /* CustomCell.h */ = {isa = PBXFileReference; fileEncoding = 4; lastKnownFileType = sourcecode.c.h; path = CustomCell.h; sourceTree = "<group>"; };
		09AEF6D51D45AF6200BFD6A3 /* CustomCell.m */ = {isa = PBXFileReference; fileEncoding = 4; lastKnownFileType = sourcecode.c.objc; path = CustomCell.m; sourceTree = "<group>"; };
		09AEF6D61D45AF6200BFD6A3 /* CustomCollectionViewLayout.h */ = {isa = PBXFileReference; fileEncoding = 4; lastKnownFileType = sourcecode.c.h; path = CustomCollectionViewLayout.h; sourceTree = "<group>"; };
		09AEF6D71D45AF6200BFD6A3 /* CustomCollectionViewLayout.m */ = {isa = PBXFileReference; fileEncoding = 4; lastKnownFileType = sourcecode.c.objc; path = CustomCollectionViewLayout.m; sourceTree = "<group>"; };
		09AEF6D81D45AF6200BFD6A3 /* Header.h */ = {isa = PBXFileReference; fileEncoding = 4; lastKnownFileType = sourcecode.c.h; path = Header.h; sourceTree = "<group>"; };
		09AEF6D91D45AF6200BFD6A3 /* Header.m */ = {isa = PBXFileReference; fileEncoding = 4; lastKnownFileType = sourcecode.c.objc; path = Header.m; sourceTree = "<group>"; };
		09AEF6DD1D45AF9700BFD6A3 /* Footer.h */ = {isa = PBXFileReference; fileEncoding = 4; lastKnownFileType = sourcecode.c.h; path = Footer.h; sourceTree = "<group>"; };
		09AEF6DE1D45AF9700BFD6A3 /* Footer.m */ = {isa = PBXFileReference; fileEncoding = 4; lastKnownFileType = sourcecode.c.objc; path = Footer.m; sourceTree = "<group>"; };
/* End PBXFileReference section */

/* Begin PBXFrameworksBuildPhase section */
		09AEF6981D45AE3B00BFD6A3 /* Frameworks */ = {
			isa = PBXFrameworksBuildPhase;
			buildActionMask = 2147483647;
			files = (
			);
			runOnlyForDeploymentPostprocessing = 0;
		};
		09AEF6B11D45AE3B00BFD6A3 /* Frameworks */ = {
			isa = PBXFrameworksBuildPhase;
			buildActionMask = 2147483647;
			files = (
			);
			runOnlyForDeploymentPostprocessing = 0;
		};
		09AEF6BC1D45AE3B00BFD6A3 /* Frameworks */ = {
			isa = PBXFrameworksBuildPhase;
			buildActionMask = 2147483647;
			files = (
			);
			runOnlyForDeploymentPostprocessing = 0;
		};
/* End PBXFrameworksBuildPhase section */

/* Begin PBXGroup section */
		09AEF6921D45AE3B00BFD6A3 = {
			isa = PBXGroup;
			children = (
				09AEF69D1D45AE3B00BFD6A3 /* CustomCollectionView */,
				09AEF6B71D45AE3B00BFD6A3 /* CustomCollectionViewTests */,
				09AEF6C21D45AE3B00BFD6A3 /* CustomCollectionViewUITests */,
				09AEF69C1D45AE3B00BFD6A3 /* Products */,
			);
			sourceTree = "<group>";
		};
		09AEF69C1D45AE3B00BFD6A3 /* Products */ = {
			isa = PBXGroup;
			children = (
				09AEF69B1D45AE3B00BFD6A3 /* CustomCollectionView.app */,
				09AEF6B41D45AE3B00BFD6A3 /* CustomCollectionViewTests.xctest */,
				09AEF6BF1D45AE3B00BFD6A3 /* CustomCollectionViewUITests.xctest */,
			);
			name = Products;
			sourceTree = "<group>";
		};
		09AEF69D1D45AE3B00BFD6A3 /* CustomCollectionView */ = {
			isa = PBXGroup;
			children = (
				092C236E1D46683100BCDC05 /* 1.png */,
				092C236F1D46683100BCDC05 /* 2.png */,
				092C23701D46683100BCDC05 /* 3.png */,
				09AEF6D11D45AF2500BFD6A3 /* CustomCollectionViewController.h */,
				09AEF6D21D45AF2500BFD6A3 /* CustomCollectionViewController.m */,
				09AEF6D41D45AF6200BFD6A3 /* CustomCell.h */,
				09AEF6D51D45AF6200BFD6A3 /* CustomCell.m */,
				09AEF6D61D45AF6200BFD6A3 /* CustomCollectionViewLayout.h */,
				09AEF6D71D45AF6200BFD6A3 /* CustomCollectionViewLayout.m */,
				09AEF6D81D45AF6200BFD6A3 /* Header.h */,
				09AEF6D91D45AF6200BFD6A3 /* Header.m */,
				09AEF6DD1D45AF9700BFD6A3 /* Footer.h */,
				09AEF6DE1D45AF9700BFD6A3 /* Footer.m */,
				09AEF6A11D45AE3B00BFD6A3 /* AppDelegate.h */,
				09AEF6A21D45AE3B00BFD6A3 /* AppDelegate.m */,
				09AEF6A71D45AE3B00BFD6A3 /* Main.storyboard */,
				09AEF6AA1D45AE3B00BFD6A3 /* Assets.xcassets */,
				09AEF6AC1D45AE3B00BFD6A3 /* LaunchScreen.storyboard */,
				09AEF6AF1D45AE3B00BFD6A3 /* Info.plist */,
				09AEF69E1D45AE3B00BFD6A3 /* Supporting Files */,
			);
			path = CustomCollectionView;
			sourceTree = "<group>";
		};
		09AEF69E1D45AE3B00BFD6A3 /* Supporting Files */ = {
			isa = PBXGroup;
			children = (
				09AEF69F1D45AE3B00BFD6A3 /* main.m */,
			);
			name = "Supporting Files";
			sourceTree = "<group>";
		};
		09AEF6B71D45AE3B00BFD6A3 /* CustomCollectionViewTests */ = {
			isa = PBXGroup;
			children = (
				09AEF6B81D45AE3B00BFD6A3 /* CustomCollectionViewTests.m */,
				09AEF6BA1D45AE3B00BFD6A3 /* Info.plist */,
			);
			path = CustomCollectionViewTests;
			sourceTree = "<group>";
		};
		09AEF6C21D45AE3B00BFD6A3 /* CustomCollectionViewUITests */ = {
			isa = PBXGroup;
			children = (
				09AEF6C31D45AE3B00BFD6A3 /* CustomCollectionViewUITests.m */,
				09AEF6C51D45AE3B00BFD6A3 /* Info.plist */,
			);
			path = CustomCollectionViewUITests;
			sourceTree = "<group>";
		};
/* End PBXGroup section */

/* Begin PBXNativeTarget section */
		09AEF69A1D45AE3B00BFD6A3 /* CustomCollectionView */ = {
			isa = PBXNativeTarget;
			buildConfigurationList = 09AEF6C81D45AE3B00BFD6A3 /* Build configuration list for PBXNativeTarget "CustomCollectionView" */;
			buildPhases = (
				09AEF6971D45AE3B00BFD6A3 /* Sources */,
				09AEF6981D45AE3B00BFD6A3 /* Frameworks */,
				09AEF6991D45AE3B00BFD6A3 /* Resources */,
			);
			buildRules = (
			);
			dependencies = (
			);
			name = CustomCollectionView;
			productName = CustomCollectionView;
			productReference = 09AEF69B1D45AE3B00BFD6A3 /* CustomCollectionView.app */;
			productType = "com.apple.product-type.application";
		};
		09AEF6B31D45AE3B00BFD6A3 /* CustomCollectionViewTests */ = {
			isa = PBXNativeTarget;
			buildConfigurationList = 09AEF6CB1D45AE3B00BFD6A3 /* Build configuration list for PBXNativeTarget "CustomCollectionViewTests" */;
			buildPhases = (
				09AEF6B01D45AE3B00BFD6A3 /* Sources */,
				09AEF6B11D45AE3B00BFD6A3 /* Frameworks */,
				09AEF6B21D45AE3B00BFD6A3 /* Resources */,
			);
			buildRules = (
			);
			dependencies = (
				09AEF6B61D45AE3B00BFD6A3 /* PBXTargetDependency */,
			);
			name = CustomCollectionViewTests;
			productName = CustomCollectionViewTests;
			productReference = 09AEF6B41D45AE3B00BFD6A3 /* CustomCollectionViewTests.xctest */;
			productType = "com.apple.product-type.bundle.unit-test";
		};
		09AEF6BE1D45AE3B00BFD6A3 /* CustomCollectionViewUITests */ = {
			isa = PBXNativeTarget;
			buildConfigurationList = 09AEF6CE1D45AE3B00BFD6A3 /* Build configuration list for PBXNativeTarget "CustomCollectionViewUITests" */;
			buildPhases = (
				09AEF6BB1D45AE3B00BFD6A3 /* Sources */,
				09AEF6BC1D45AE3B00BFD6A3 /* Frameworks */,
				09AEF6BD1D45AE3B00BFD6A3 /* Resources */,
			);
			buildRules = (
			);
			dependencies = (
				09AEF6C11D45AE3B00BFD6A3 /* PBXTargetDependency */,
			);
			name = CustomCollectionViewUITests;
			productName = CustomCollectionViewUITests;
			productReference = 09AEF6BF1D45AE3B00BFD6A3 /* CustomCollectionViewUITests.xctest */;
			productType = "com.apple.product-type.bundle.ui-testing";
		};
/* End PBXNativeTarget section */

/* Begin PBXProject section */
		09AEF6931D45AE3B00BFD6A3 /* Project object */ = {
			isa = PBXProject;
			attributes = {
				LastUpgradeCheck = 0800;
				ORGANIZATIONNAME = "FanFeng Yan";
				TargetAttributes = {
					09AEF69A1D45AE3B00BFD6A3 = {
						CreatedOnToolsVersion = 8.0;
						ProvisioningStyle = Automatic;
					};
					09AEF6B31D45AE3B00BFD6A3 = {
						CreatedOnToolsVersion = 8.0;
						ProvisioningStyle = Automatic;
						TestTargetID = 09AEF69A1D45AE3B00BFD6A3;
					};
					09AEF6BE1D45AE3B00BFD6A3 = {
						CreatedOnToolsVersion = 8.0;
						ProvisioningStyle = Automatic;
						TestTargetID = 09AEF69A1D45AE3B00BFD6A3;
					};
				};
			};
			buildConfigurationList = 09AEF6961D45AE3B00BFD6A3 /* Build configuration list for PBXProject "CustomCollectionView" */;
			compatibilityVersion = "Xcode 3.2";
			developmentRegion = English;
			hasScannedForEncodings = 0;
			knownRegions = (
				en,
				Base,
			);
			mainGroup = 09AEF6921D45AE3B00BFD6A3;
			productRefGroup = 09AEF69C1D45AE3B00BFD6A3 /* Products */;
			projectDirPath = "";
			projectRoot = "";
			targets = (
				09AEF69A1D45AE3B00BFD6A3 /* CustomCollectionView */,
				09AEF6B31D45AE3B00BFD6A3 /* CustomCollectionViewTests */,
				09AEF6BE1D45AE3B00BFD6A3 /* CustomCollectionViewUITests */,
			);
		};
/* End PBXProject section */

/* Begin PBXResourcesBuildPhase section */
		09AEF6991D45AE3B00BFD6A3 /* Resources */ = {
			isa = PBXResourcesBuildPhase;
			buildActionMask = 2147483647;
			files = (
				09AEF6AE1D45AE3B00BFD6A3 /* LaunchScreen.storyboard in Resources */,
				092C23711D46683100BCDC05 /* 1.png in Resources */,
				092C23721D46683100BCDC05 /* 2.png in Resources */,
				092C23731D46683100BCDC05 /* 3.png in Resources */,
				09AEF6AB1D45AE3B00BFD6A3 /* Assets.xcassets in Resources */,
				09AEF6A91D45AE3B00BFD6A3 /* Main.storyboard in Resources */,
			);
			runOnlyForDeploymentPostprocessing = 0;
		};
		09AEF6B21D45AE3B00BFD6A3 /* Resources */ = {
			isa = PBXResourcesBuildPhase;
			buildActionMask = 2147483647;
			files = (
			);
			runOnlyForDeploymentPostprocessing = 0;
		};
		09AEF6BD1D45AE3B00BFD6A3 /* Resources */ = {
			isa = PBXResourcesBuildPhase;
			buildActionMask = 2147483647;
			files = (
			);
			runOnlyForDeploymentPostprocessing = 0;
		};
/* End PBXResourcesBuildPhase section */

/* Begin PBXSourcesBuildPhase section */
		09AEF6971D45AE3B00BFD6A3 /* Sources */ = {
			isa = PBXSourcesBuildPhase;
			buildActionMask = 2147483647;
			files = (
				09AEF6A31D45AE3B00BFD6A3 /* AppDelegate.m in Sources */,
				09AEF6DF1D45AF9700BFD6A3 /* Footer.m in Sources */,
				09AEF6D31D45AF2500BFD6A3 /* CustomCollectionViewController.m in Sources */,
				09AEF6DC1D45AF6200BFD6A3 /* Header.m in Sources */,
				09AEF6DB1D45AF6200BFD6A3 /* CustomCollectionViewLayout.m in Sources */,
				09AEF6A01D45AE3B00BFD6A3 /* main.m in Sources */,
				09AEF6DA1D45AF6200BFD6A3 /* CustomCell.m in Sources */,
			);
			runOnlyForDeploymentPostprocessing = 0;
		};
		09AEF6B01D45AE3B00BFD6A3 /* Sources */ = {
			isa = PBXSourcesBuildPhase;
			buildActionMask = 2147483647;
			files = (
				09AEF6B91D45AE3B00BFD6A3 /* CustomCollectionViewTests.m in Sources */,
			);
			runOnlyForDeploymentPostprocessing = 0;
		};
		09AEF6BB1D45AE3B00BFD6A3 /* Sources */ = {
			isa = PBXSourcesBuildPhase;
			buildActionMask = 2147483647;
			files = (
				09AEF6C41D45AE3B00BFD6A3 /* CustomCollectionViewUITests.m in Sources */,
			);
			runOnlyForDeploymentPostprocessing = 0;
		};
/* End PBXSourcesBuildPhase section */

/* Begin PBXTargetDependency section */
		09AEF6B61D45AE3B00BFD6A3 /* PBXTargetDependency */ = {
			isa = PBXTargetDependency;
			target = 09AEF69A1D45AE3B00BFD6A3 /* CustomCollectionView */;
			targetProxy = 09AEF6B51D45AE3B00BFD6A3 /* PBXContainerItemProxy */;
		};
		09AEF6C11D45AE3B00BFD6A3 /* PBXTargetDependency */ = {
			isa = PBXTargetDependency;
			target = 09AEF69A1D45AE3B00BFD6A3 /* CustomCollectionView */;
			targetProxy = 09AEF6C01D45AE3B00BFD6A3 /* PBXContainerItemProxy */;
		};
/* End PBXTargetDependency section */

/* Begin PBXVariantGroup section */
		09AEF6A71D45AE3B00BFD6A3 /* Main.storyboard */ = {
			isa = PBXVariantGroup;
			children = (
				09AEF6A81D45AE3B00BFD6A3 /* Base */,
			);
			name = Main.storyboard;
			sourceTree = "<group>";
		};
		09AEF6AC1D45AE3B00BFD6A3 /* LaunchScreen.storyboard */ = {
			isa = PBXVariantGroup;
			children = (
				09AEF6AD1D45AE3B00BFD6A3 /* Base */,
			);
			name = LaunchScreen.storyboard;
			sourceTree = "<group>";
		};
/* End PBXVariantGroup section */

/* Begin XCBuildConfiguration section */
		09AEF6C61D45AE3B00BFD6A3 /* Debug */ = {
			isa = XCBuildConfiguration;
			buildSettings = {
				ALWAYS_SEARCH_USER_PATHS = NO;
				CLANG_ANALYZER_NONNULL = YES;
				CLANG_CXX_LANGUAGE_STANDARD = "gnu++0x";
				CLANG_CXX_LIBRARY = "libc++";
				CLANG_ENABLE_MODULES = YES;
				CLANG_ENABLE_OBJC_ARC = YES;
				CLANG_WARN_BOOL_CONVERSION = YES;
				CLANG_WARN_CONSTANT_CONVERSION = YES;
				CLANG_WARN_DIRECT_OBJC_ISA_USAGE = YES_ERROR;
				CLANG_WARN_DOCUMENTATION_COMMENTS = YES;
				CLANG_WARN_EMPTY_BODY = YES;
				CLANG_WARN_ENUM_CONVERSION = YES;
				CLANG_WARN_INT_CONVERSION = YES;
				CLANG_WARN_OBJC_ROOT_CLASS = YES_ERROR;
				CLANG_WARN_UNREACHABLE_CODE = YES;
				CLANG_WARN__DUPLICATE_METHOD_MATCH = YES;
				"CODE_SIGN_IDENTITY[sdk=iphoneos*]" = "iPhone Developer";
				COPY_PHASE_STRIP = NO;
				DEBUG_INFORMATION_FORMAT = dwarf;
				ENABLE_STRICT_OBJC_MSGSEND = YES;
				ENABLE_TESTABILITY = YES;
				GCC_C_LANGUAGE_STANDARD = gnu99;
				GCC_DYNAMIC_NO_PIC = NO;
				GCC_NO_COMMON_BLOCKS = YES;
				GCC_OPTIMIZATION_LEVEL = 0;
				GCC_PREPROCESSOR_DEFINITIONS = (
					"DEBUG=1",
					"$(inherited)",
				);
				GCC_WARN_64_TO_32_BIT_CONVERSION = YES;
				GCC_WARN_ABOUT_RETURN_TYPE = YES_ERROR;
				GCC_WARN_UNDECLARED_SELECTOR = YES;
				GCC_WARN_UNINITIALIZED_AUTOS = YES_AGGRESSIVE;
				GCC_WARN_UNUSED_FUNCTION = YES;
				GCC_WARN_UNUSED_VARIABLE = YES;
				IPHONEOS_DEPLOYMENT_TARGET = 10.0;
				MTL_ENABLE_DEBUG_INFO = YES;
				ONLY_ACTIVE_ARCH = YES;
				SDKROOT = iphoneos;
			};
			name = Debug;
		};
		09AEF6C71D45AE3B00BFD6A3 /* Release */ = {
			isa = XCBuildConfiguration;
			buildSettings = {
				ALWAYS_SEARCH_USER_PATHS = NO;
				CLANG_ANALYZER_NONNULL = YES;
				CLANG_CXX_LANGUAGE_STANDARD = "gnu++0x";
				CLANG_CXX_LIBRARY = "libc++";
				CLANG_ENABLE_MODULES = YES;
				CLANG_ENABLE_OBJC_ARC = YES;
				CLANG_WARN_BOOL_CONVERSION = YES;
				CLANG_WARN_CONSTANT_CONVERSION = YES;
				CLANG_WARN_DIRECT_OBJC_ISA_USAGE = YES_ERROR;
				CLANG_WARN_DOCUMENTATION_COMMENTS = YES;
				CLANG_WARN_EMPTY_BODY = YES;
				CLANG_WARN_ENUM_CONVERSION = YES;
				CLANG_WARN_INT_CONVERSION = YES;
				CLANG_WARN_OBJC_ROOT_CLASS = YES_ERROR;
				CLANG_WARN_UNREACHABLE_CODE = YES;
				CLANG_WARN__DUPLICATE_METHOD_MATCH = YES;
				"CODE_SIGN_IDENTITY[sdk=iphoneos*]" = "iPhone Developer";
				COPY_PHASE_STRIP = NO;
				DEBUG_INFORMATION_FORMAT = "dwarf-with-dsym";
				ENABLE_NS_ASSERTIONS = NO;
				ENABLE_STRICT_OBJC_MSGSEND = YES;
				GCC_C_LANGUAGE_STANDARD = gnu99;
				GCC_NO_COMMON_BLOCKS = YES;
				GCC_WARN_64_TO_32_BIT_CONVERSION = YES;
				GCC_WARN_ABOUT_RETURN_TYPE = YES_ERROR;
				GCC_WARN_UNDECLARED_SELECTOR = YES;
				GCC_WARN_UNINITIALIZED_AUTOS = YES_AGGRESSIVE;
				GCC_WARN_UNUSED_FUNCTION = YES;
				GCC_WARN_UNUSED_VARIABLE = YES;
				IPHONEOS_DEPLOYMENT_TARGET = 10.0;
				MTL_ENABLE_DEBUG_INFO = NO;
				SDKROOT = iphoneos;
				VALIDATE_PRODUCT = YES;
			};
			name = Release;
		};
		09AEF6C91D45AE3B00BFD6A3 /* Debug */ = {
			isa = XCBuildConfiguration;
			buildSettings = {
				ASSETCATALOG_COMPILER_APPICON_NAME = AppIcon;
				INFOPLIST_FILE = CustomCollectionView/Info.plist;
				IPHONEOS_DEPLOYMENT_TARGET = 8.0;
				LD_RUNPATH_SEARCH_PATHS = "$(inherited) @executable_path/Frameworks";
				PRODUCT_BUNDLE_IDENTIFIER = Micro.CustomCollectionView;
				PRODUCT_NAME = "$(TARGET_NAME)";
			};
			name = Debug;
		};
		09AEF6CA1D45AE3B00BFD6A3 /* Release */ = {
			isa = XCBuildConfiguration;
			buildSettings = {
				ASSETCATALOG_COMPILER_APPICON_NAME = AppIcon;
				INFOPLIST_FILE = CustomCollectionView/Info.plist;
				IPHONEOS_DEPLOYMENT_TARGET = 8.0;
				LD_RUNPATH_SEARCH_PATHS = "$(inherited) @executable_path/Frameworks";
				PRODUCT_BUNDLE_IDENTIFIER = Micro.CustomCollectionView;
				PRODUCT_NAME = "$(TARGET_NAME)";
			};
			name = Release;
		};
		09AEF6CC1D45AE3B00BFD6A3 /* Debug */ = {
			isa = XCBuildConfiguration;
			buildSettings = {
				BUNDLE_LOADER = "$(TEST_HOST)";
				INFOPLIST_FILE = CustomCollectionViewTests/Info.plist;
				LD_RUNPATH_SEARCH_PATHS = "$(inherited) @executable_path/Frameworks @loader_path/Frameworks";
				PRODUCT_BUNDLE_IDENTIFIER = Micro.CustomCollectionViewTests;
				PRODUCT_NAME = "$(TARGET_NAME)";
				TEST_HOST = "$(BUILT_PRODUCTS_DIR)/CustomCollectionView.app/CustomCollectionView";
			};
			name = Debug;
		};
		09AEF6CD1D45AE3B00BFD6A3 /* Release */ = {
			isa = XCBuildConfiguration;
			buildSettings = {
				BUNDLE_LOADER = "$(TEST_HOST)";
				INFOPLIST_FILE = CustomCollectionViewTests/Info.plist;
				LD_RUNPATH_SEARCH_PATHS = "$(inherited) @executable_path/Frameworks @loader_path/Frameworks";
				PRODUCT_BUNDLE_IDENTIFIER = Micro.CustomCollectionViewTests;
				PRODUCT_NAME = "$(TARGET_NAME)";
				TEST_HOST = "$(BUILT_PRODUCTS_DIR)/CustomCollectionView.app/CustomCollectionView";
			};
			name = Release;
		};
		09AEF6CF1D45AE3B00BFD6A3 /* Debug */ = {
			isa = XCBuildConfiguration;
			buildSettings = {
				INFOPLIST_FILE = CustomCollectionViewUITests/Info.plist;
				LD_RUNPATH_SEARCH_PATHS = "$(inherited) @executable_path/Frameworks @loader_path/Frameworks";
				PRODUCT_BUNDLE_IDENTIFIER = Micro.CustomCollectionViewUITests;
				PRODUCT_NAME = "$(TARGET_NAME)";
				TEST_TARGET_NAME = CustomCollectionView;
			};
			name = Debug;
		};
		09AEF6D01D45AE3B00BFD6A3 /* Release */ = {
			isa = XCBuildConfiguration;
			buildSettings = {
				INFOPLIST_FILE = CustomCollectionViewUITests/Info.plist;
				LD_RUNPATH_SEARCH_PATHS = "$(inherited) @executable_path/Frameworks @loader_path/Frameworks";
				PRODUCT_BUNDLE_IDENTIFIER = Micro.CustomCollectionViewUITests;
				PRODUCT_NAME = "$(TARGET_NAME)";
				TEST_TARGET_NAME = CustomCollectionView;
			};
			name = Release;
		};
/* End XCBuildConfiguration section */

/* Begin XCConfigurationList section */
		09AEF6961D45AE3B00BFD6A3 /* Build configuration list for PBXProject "CustomCollectionView" */ = {
			isa = XCConfigurationList;
			buildConfigurations = (
				09AEF6C61D45AE3B00BFD6A3 /* Debug */,
				09AEF6C71D45AE3B00BFD6A3 /* Release */,
			);
			defaultConfigurationIsVisible = 0;
			defaultConfigurationName = Release;
		};
		09AEF6C81D45AE3B00BFD6A3 /* Build configuration list for PBXNativeTarget "CustomCollectionView" */ = {
			isa = XCConfigurationList;
			buildConfigurations = (
				09AEF6C91D45AE3B00BFD6A3 /* Debug */,
				09AEF6CA1D45AE3B00BFD6A3 /* Release */,
			);
			defaultConfigurationIsVisible = 0;
			defaultConfigurationName = Release;
		};
		09AEF6CB1D45AE3B00BFD6A3 /* Build configuration list for PBXNativeTarget "CustomCollectionViewTests" */ = {
			isa = XCConfigurationList;
			buildConfigurations = (
				09AEF6CC1D45AE3B00BFD6A3 /* Debug */,
				09AEF6CD1D45AE3B00BFD6A3 /* Release */,
			);
			defaultConfigurationIsVisible = 0;
			defaultConfigurationName = Release;
		};
		09AEF6CE1D45AE3B00BFD6A3 /* Build configuration list for PBXNativeTarget "CustomCollectionViewUITests" */ = {
			isa = XCConfigurationList;
			buildConfigurations = (
				09AEF6CF1D45AE3B00BFD6A3 /* Debug */,
				09AEF6D01D45AE3B00BFD6A3 /* Release */,
			);
			defaultConfigurationIsVisible = 0;
			defaultConfigurationName = Release;
		};
/* End XCConfigurationList section */
	};
	rootObject = 09AEF6931D45AE3B00BFD6A3 /* Project object */;
}
